// !$*UTF8*$!
{
	archiveVersion = 1;
	classes = {
	};
	objectVersion = 56;
	objects = {

/* Begin PBXBuildFile section */
		685DE4322D8B577E00903DD2 /* FeedbackView.swift in Sources */ = {isa = PBXBuildFile; fileRef = 685DE4312D8B577E00903DD2 /* FeedbackView.swift */; };
		685DE4342D8BC7B200903DD2 /* PDF Splitter.ipynb in Resources */ = {isa = PBXBuildFile; fileRef = 685DE4332D8BC7B200903DD2 /* PDF Splitter.ipynb */; };
		6890C06B2D76758800D7FDAD /* PDFs in Resources */ = {isa = PBXBuildFile; fileRef = 6890C06A2D76758800D7FDAD /* PDFs */; };
		68A91E822D6D4F2400155511 /* demoApp.swift in Sources */ = {isa = PBXBuildFile; fileRef = 68A91E812D6D4F2400155511 /* demoApp.swift */; };
		68A91E842D6D4F2400155511 /* ContentView.swift in Sources */ = {isa = PBXBuildFile; fileRef = 68A91E832D6D4F2400155511 /* ContentView.swift */; };
		68A91E862D6D4F2500155511 /* Assets.xcassets in Resources */ = {isa = PBXBuildFile; fileRef = 68A91E852D6D4F2500155511 /* Assets.xcassets */; };
		68A91E8A2D6D4F2500155511 /* Preview Assets.xcassets in Resources */ = {isa = PBXBuildFile; fileRef = 68A91E892D6D4F2500155511 /* Preview Assets.xcassets */; };
		68B08C5E2D765AC300DF5E6A /* Jinendra Archana.pdf in Resources */ = {isa = PBXBuildFile; fileRef = 68B08C5D2D765AC300DF5E6A /* Jinendra Archana.pdf */; };
		68B735232D70F90500D26A37 /* favoritesView.swift in Sources */ = {isa = PBXBuildFile; fileRef = 68B735222D70F90500D26A37 /* favoritesView.swift */; };
		68B735252D70F95C00D26A37 /* FavoritesSelectionView.swift in Sources */ = {isa = PBXBuildFile; fileRef = 68B735242D70F95C00D26A37 /* FavoritesSelectionView.swift */; };
		68B735272D70FA4800D26A37 /* PDFViewerScreen.swift in Sources */ = {isa = PBXBuildFile; fileRef = 68B735262D70FA4800D26A37 /* PDFViewerScreen.swift */; };
		68B735292D70FA9800D26A37 /* BookListView.swift in Sources */ = {isa = PBXBuildFile; fileRef = 68B735282D70FA9800D26A37 /* BookListView.swift */; };
		68B7352B2D70FB2900D26A37 /* PDFViewer.swift in Sources */ = {isa = PBXBuildFile; fileRef = 68B7352A2D70FB2900D26A37 /* PDFViewer.swift */; };
		68B9DB892D6FADA20013BE8A /* BookData.swift in Sources */ = {isa = PBXBuildFile; fileRef = 68B9DB882D6FADA20013BE8A /* BookData.swift */; };
/* End PBXBuildFile section */

/* Begin PBXFileReference section */
		685DE4312D8B577E00903DD2 /* FeedbackView.swift */ = {isa = PBXFileReference; lastKnownFileType = sourcecode.swift; path = FeedbackView.swift; sourceTree = "<group>"; };
		685DE4332D8BC7B200903DD2 /* PDF Splitter.ipynb */ = {isa = PBXFileReference; fileEncoding = 4; lastKnownFileType = text; path = "PDF Splitter.ipynb"; sourceTree = "<group>"; };
		6890C06A2D76758800D7FDAD /* PDFs */ = {isa = PBXFileReference; lastKnownFileType = folder; name = PDFs; path = PDFs; sourceTree = "<group>"; };
		68A91E7E2D6D4F2400155511 /* demo.app */ = {isa = PBXFileReference; explicitFileType = wrapper.application; includeInIndex = 0; path = demo.app; sourceTree = BUILT_PRODUCTS_DIR; };
		68A91E812D6D4F2400155511 /* demoApp.swift */ = {isa = PBXFileReference; lastKnownFileType = sourcecode.swift; path = demoApp.swift; sourceTree = "<group>"; };
		68A91E832D6D4F2400155511 /* ContentView.swift */ = {isa = PBXFileReference; lastKnownFileType = sourcecode.swift; path = ContentView.swift; sourceTree = "<group>"; };
		68A91E852D6D4F2500155511 /* Assets.xcassets */ = {isa = PBXFileReference; lastKnownFileType = folder.assetcatalog; path = Assets.xcassets; sourceTree = "<group>"; };
		68A91E872D6D4F2500155511 /* demo.entitlements */ = {isa = PBXFileReference; lastKnownFileType = text.plist.entitlements; path = demo.entitlements; sourceTree = "<group>"; };
		68A91E892D6D4F2500155511 /* Preview Assets.xcassets */ = {isa = PBXFileReference; lastKnownFileType = folder.assetcatalog; path = "Preview Assets.xcassets"; sourceTree = "<group>"; };
		68B08C5D2D765AC300DF5E6A /* Jinendra Archana.pdf */ = {isa = PBXFileReference; lastKnownFileType = image.pdf; path = "Jinendra Archana.pdf"; sourceTree = "<group>"; };
		68B735222D70F90500D26A37 /* favoritesView.swift */ = {isa = PBXFileReference; lastKnownFileType = sourcecode.swift; path = favoritesView.swift; sourceTree = "<group>"; };
		68B735242D70F95C00D26A37 /* FavoritesSelectionView.swift */ = {isa = PBXFileReference; lastKnownFileType = sourcecode.swift; path = FavoritesSelectionView.swift; sourceTree = "<group>"; };
		68B735262D70FA4800D26A37 /* PDFViewerScreen.swift */ = {isa = PBXFileReference; lastKnownFileType = sourcecode.swift; path = PDFViewerScreen.swift; sourceTree = "<group>"; };
		68B735282D70FA9800D26A37 /* BookListView.swift */ = {isa = PBXFileReference; lastKnownFileType = sourcecode.swift; path = BookListView.swift; sourceTree = "<group>"; };
		68B7352A2D70FB2900D26A37 /* PDFViewer.swift */ = {isa = PBXFileReference; lastKnownFileType = sourcecode.swift; path = PDFViewer.swift; sourceTree = "<group>"; };
		68B9DB882D6FADA20013BE8A /* BookData.swift */ = {isa = PBXFileReference; lastKnownFileType = sourcecode.swift; path = BookData.swift; sourceTree = "<group>"; };
/* End PBXFileReference section */

/* Begin PBXFrameworksBuildPhase section */
		68A91E7B2D6D4F2400155511 /* Frameworks */ = {
			isa = PBXFrameworksBuildPhase;
			buildActionMask = 2147483647;
			files = (
			);
			runOnlyForDeploymentPostprocessing = 0;
		};
/* End PBXFrameworksBuildPhase section */

/* Begin PBXGroup section */
		68A91E752D6D4F2400155511 = {
			isa = PBXGroup;
			children = (
				68A91E802D6D4F2400155511 /* demo */,
				68A91E7F2D6D4F2400155511 /* Products */,
			);
			sourceTree = "<group>";
		};
		68A91E7F2D6D4F2400155511 /* Products */ = {
			isa = PBXGroup;
			children = (
				68A91E7E2D6D4F2400155511 /* demo.app */,
			);
			name = Products;
			sourceTree = "<group>";
		};
		68A91E802D6D4F2400155511 /* demo */ = {
			isa = PBXGroup;
			children = (
				6890C06A2D76758800D7FDAD /* PDFs */,
				68B735172D70F54D00D26A37 /* UIViewRepresentable */,
				68B735162D70F4E100D26A37 /* Models */,
				68B735112D70F3EC00D26A37 /* Views */,
				68B08C5D2D765AC300DF5E6A /* Jinendra Archana.pdf */,
				68A91E812D6D4F2400155511 /* demoApp.swift */,
				68A91E832D6D4F2400155511 /* ContentView.swift */,
				68A91E852D6D4F2500155511 /* Assets.xcassets */,
				68A91E872D6D4F2500155511 /* demo.entitlements */,
				685DE4332D8BC7B200903DD2 /* PDF Splitter.ipynb */,
				68A91E882D6D4F2500155511 /* Preview Content */,
			);
			path = demo;
			sourceTree = "<group>";
		};
		68A91E882D6D4F2500155511 /* Preview Content */ = {
			isa = PBXGroup;
			children = (
				68A91E892D6D4F2500155511 /* Preview Assets.xcassets */,
			);
			path = "Preview Content";
			sourceTree = "<group>";
		};
		68B735112D70F3EC00D26A37 /* Views */ = {
			isa = PBXGroup;
			children = (
				68B735262D70FA4800D26A37 /* PDFViewerScreen.swift */,
				68B735222D70F90500D26A37 /* favoritesView.swift */,
				68B735242D70F95C00D26A37 /* FavoritesSelectionView.swift */,
				68B735282D70FA9800D26A37 /* BookListView.swift */,
				685DE4312D8B577E00903DD2 /* FeedbackView.swift */,
			);
			path = Views;
			sourceTree = "<group>";
		};
		68B735162D70F4E100D26A37 /* Models */ = {
			isa = PBXGroup;
			children = (
				68B9DB882D6FADA20013BE8A /* BookData.swift */,
			);
			path = Models;
			sourceTree = "<group>";
		};
		68B735172D70F54D00D26A37 /* UIViewRepresentable */ = {
			isa = PBXGroup;
			children = (
				68B7352A2D70FB2900D26A37 /* PDFViewer.swift */,
			);
			path = UIViewRepresentable;
			sourceTree = "<group>";
		};
/* End PBXGroup section */

/* Begin PBXNativeTarget section */
		68A91E7D2D6D4F2400155511 /* demo */ = {
			isa = PBXNativeTarget;
			buildConfigurationList = 68A91E8D2D6D4F2500155511 /* Build configuration list for PBXNativeTarget "demo" */;
			buildPhases = (
				68A91E7A2D6D4F2400155511 /* Sources */,
				68A91E7B2D6D4F2400155511 /* Frameworks */,
				68A91E7C2D6D4F2400155511 /* Resources */,
			);
			buildRules = (
			);
			dependencies = (
			);
			name = demo;
			packageProductDependencies = (
			);
			productName = demo;
			productReference = 68A91E7E2D6D4F2400155511 /* demo.app */;
			productType = "com.apple.product-type.application";
		};
/* End PBXNativeTarget section */

/* Begin PBXProject section */
		68A91E762D6D4F2400155511 /* Project object */ = {
			isa = PBXProject;
			attributes = {
				BuildIndependentTargetsInParallel = 1;
				LastSwiftUpdateCheck = 1520;
				LastUpgradeCheck = 1520;
				TargetAttributes = {
					68A91E7D2D6D4F2400155511 = {
						CreatedOnToolsVersion = 15.2;
					};
				};
			};
			buildConfigurationList = 68A91E792D6D4F2400155511 /* Build configuration list for PBXProject "demo" */;
			compatibilityVersion = "Xcode 14.0";
			developmentRegion = en;
			hasScannedForEncodings = 0;
			knownRegions = (
				en,
				Base,
			);
			mainGroup = 68A91E752D6D4F2400155511;
			packageReferences = (
			);
			productRefGroup = 68A91E7F2D6D4F2400155511 /* Products */;
			projectDirPath = "";
			projectRoot = "";
			targets = (
				68A91E7D2D6D4F2400155511 /* demo */,
			);
		};
/* End PBXProject section */

/* Begin PBXResourcesBuildPhase section */
		68A91E7C2D6D4F2400155511 /* Resources */ = {
			isa = PBXResourcesBuildPhase;
			buildActionMask = 2147483647;
			files = (
				68B08C5E2D765AC300DF5E6A /* Jinendra Archana.pdf in Resources */,
				6890C06B2D76758800D7FDAD /* PDFs in Resources */,
				685DE4342D8BC7B200903DD2 /* PDF Splitter.ipynb in Resources */,
				68A91E8A2D6D4F2500155511 /* Preview Assets.xcassets in Resources */,
				68A91E862D6D4F2500155511 /* Assets.xcassets in Resources */,
			);
			runOnlyForDeploymentPostprocessing = 0;
		};
/* End PBXResourcesBuildPhase section */

/* Begin PBXSourcesBuildPhase section */
		68A91E7A2D6D4F2400155511 /* Sources */ = {
			isa = PBXSourcesBuildPhase;
			buildActionMask = 2147483647;
			files = (
				68B735272D70FA4800D26A37 /* PDFViewerScreen.swift in Sources */,
				68B735252D70F95C00D26A37 /* FavoritesSelectionView.swift in Sources */,
				685DE4322D8B577E00903DD2 /* FeedbackView.swift in Sources */,
				68B735232D70F90500D26A37 /* favoritesView.swift in Sources */,
				68A91E842D6D4F2400155511 /* ContentView.swift in Sources */,
				68A91E822D6D4F2400155511 /* demoApp.swift in Sources */,
				68B735292D70FA9800D26A37 /* BookListView.swift in Sources */,
				68B7352B2D70FB2900D26A37 /* PDFViewer.swift in Sources */,
				68B9DB892D6FADA20013BE8A /* BookData.swift in Sources */,
			);
			runOnlyForDeploymentPostprocessing = 0;
		};
/* End PBXSourcesBuildPhase section */

/* Begin XCBuildConfiguration section */
		68A91E8B2D6D4F2500155511 /* Debug */ = {
			isa = XCBuildConfiguration;
			buildSettings = {
				ALWAYS_SEARCH_USER_PATHS = NO;
				ASSETCATALOG_COMPILER_GENERATE_SWIFT_ASSET_SYMBOL_EXTENSIONS = YES;
				CLANG_ANALYZER_NONNULL = YES;
				CLANG_ANALYZER_NUMBER_OBJECT_CONVERSION = YES_AGGRESSIVE;
				CLANG_CXX_LANGUAGE_STANDARD = "gnu++20";
				CLANG_ENABLE_MODULES = YES;
				CLANG_ENABLE_OBJC_ARC = YES;
				CLANG_ENABLE_OBJC_WEAK = YES;
				CLANG_WARN_BLOCK_CAPTURE_AUTORELEASING = YES;
				CLANG_WARN_BOOL_CONVERSION = YES;
				CLANG_WARN_COMMA = YES;
				CLANG_WARN_CONSTANT_CONVERSION = YES;
				CLANG_WARN_DEPRECATED_OBJC_IMPLEMENTATIONS = YES;
				CLANG_WARN_DIRECT_OBJC_ISA_USAGE = YES_ERROR;
				CLANG_WARN_DOCUMENTATION_COMMENTS = YES;
				CLANG_WARN_EMPTY_BODY = YES;
				CLANG_WARN_ENUM_CONVERSION = YES;
				CLANG_WARN_INFINITE_RECURSION = YES;
				CLANG_WARN_INT_CONVERSION = YES;
				CLANG_WARN_NON_LITERAL_NULL_CONVERSION = YES;
				CLANG_WARN_OBJC_IMPLICIT_RETAIN_SELF = YES;
				CLANG_WARN_OBJC_LITERAL_CONVERSION = YES;
				CLANG_WARN_OBJC_ROOT_CLASS = YES_ERROR;
				CLANG_WARN_QUOTED_INCLUDE_IN_FRAMEWORK_HEADER = YES;
				CLANG_WARN_RANGE_LOOP_ANALYSIS = YES;
				CLANG_WARN_STRICT_PROTOTYPES = YES;
				CLANG_WARN_SUSPICIOUS_MOVE = YES;
				CLANG_WARN_UNGUARDED_AVAILABILITY = YES_AGGRESSIVE;
				CLANG_WARN_UNREACHABLE_CODE = YES;
				CLANG_WARN__DUPLICATE_METHOD_MATCH = YES;
				COPY_PHASE_STRIP = NO;
				DEBUG_INFORMATION_FORMAT = dwarf;
				ENABLE_STRICT_OBJC_MSGSEND = YES;
				ENABLE_TESTABILITY = YES;
				ENABLE_USER_SCRIPT_SANDBOXING = YES;
				GCC_C_LANGUAGE_STANDARD = gnu17;
				GCC_DYNAMIC_NO_PIC = NO;
				GCC_NO_COMMON_BLOCKS = YES;
				GCC_OPTIMIZATION_LEVEL = 0;
				GCC_PREPROCESSOR_DEFINITIONS = (
					"DEBUG=1",
					"$(inherited)",
				);
				GCC_WARN_64_TO_32_BIT_CONVERSION = YES;
				GCC_WARN_ABOUT_RETURN_TYPE = YES_ERROR;
				GCC_WARN_UNDECLARED_SELECTOR = YES;
				GCC_WARN_UNINITIALIZED_AUTOS = YES_AGGRESSIVE;
				GCC_WARN_UNUSED_FUNCTION = YES;
				GCC_WARN_UNUSED_VARIABLE = YES;
				LOCALIZATION_PREFERS_STRING_CATALOGS = YES;
				MTL_ENABLE_DEBUG_INFO = INCLUDE_SOURCE;
				MTL_FAST_MATH = YES;
				ONLY_ACTIVE_ARCH = YES;
				OTHER_LDFLAGS = "";
				SWIFT_ACTIVE_COMPILATION_CONDITIONS = "DEBUG $(inherited)";
				SWIFT_OPTIMIZATION_LEVEL = "-Onone";
			};
			name = Debug;
		};
		68A91E8C2D6D4F2500155511 /* Release */ = {
			isa = XCBuildConfiguration;
			buildSettings = {
				ALWAYS_SEARCH_USER_PATHS = NO;
				ASSETCATALOG_COMPILER_GENERATE_SWIFT_ASSET_SYMBOL_EXTENSIONS = YES;
				CLANG_ANALYZER_NONNULL = YES;
				CLANG_ANALYZER_NUMBER_OBJECT_CONVERSION = YES_AGGRESSIVE;
				CLANG_CXX_LANGUAGE_STANDARD = "gnu++20";
				CLANG_ENABLE_MODULES = YES;
				CLANG_ENABLE_OBJC_ARC = YES;
				CLANG_ENABLE_OBJC_WEAK = YES;
				CLANG_WARN_BLOCK_CAPTURE_AUTORELEASING = YES;
				CLANG_WARN_BOOL_CONVERSION = YES;
				CLANG_WARN_COMMA = YES;
				CLANG_WARN_CONSTANT_CONVERSION = YES;
				CLANG_WARN_DEPRECATED_OBJC_IMPLEMENTATIONS = YES;
				CLANG_WARN_DIRECT_OBJC_ISA_USAGE = YES_ERROR;
				CLANG_WARN_DOCUMENTATION_COMMENTS = YES;
				CLANG_WARN_EMPTY_BODY = YES;
				CLANG_WARN_ENUM_CONVERSION = YES;
				CLANG_WARN_INFINITE_RECURSION = YES;
				CLANG_WARN_INT_CONVERSION = YES;
				CLANG_WARN_NON_LITERAL_NULL_CONVERSION = YES;
				CLANG_WARN_OBJC_IMPLICIT_RETAIN_SELF = YES;
				CLANG_WARN_OBJC_LITERAL_CONVERSION = YES;
				CLANG_WARN_OBJC_ROOT_CLASS = YES_ERROR;
				CLANG_WARN_QUOTED_INCLUDE_IN_FRAMEWORK_HEADER = YES;
				CLANG_WARN_RANGE_LOOP_ANALYSIS = YES;
				CLANG_WARN_STRICT_PROTOTYPES = YES;
				CLANG_WARN_SUSPICIOUS_MOVE = YES;
				CLANG_WARN_UNGUARDED_AVAILABILITY = YES_AGGRESSIVE;
				CLANG_WARN_UNREACHABLE_CODE = YES;
				CLANG_WARN__DUPLICATE_METHOD_MATCH = YES;
				COPY_PHASE_STRIP = NO;
				DEBUG_INFORMATION_FORMAT = "dwarf-with-dsym";
				ENABLE_NS_ASSERTIONS = NO;
				ENABLE_STRICT_OBJC_MSGSEND = YES;
				ENABLE_USER_SCRIPT_SANDBOXING = YES;
				GCC_C_LANGUAGE_STANDARD = gnu17;
				GCC_NO_COMMON_BLOCKS = YES;
				GCC_WARN_64_TO_32_BIT_CONVERSION = YES;
				GCC_WARN_ABOUT_RETURN_TYPE = YES_ERROR;
				GCC_WARN_UNDECLARED_SELECTOR = YES;
				GCC_WARN_UNINITIALIZED_AUTOS = YES_AGGRESSIVE;
				GCC_WARN_UNUSED_FUNCTION = YES;
				GCC_WARN_UNUSED_VARIABLE = YES;
				LOCALIZATION_PREFERS_STRING_CATALOGS = YES;
				MTL_ENABLE_DEBUG_INFO = NO;
				MTL_FAST_MATH = YES;
				SWIFT_COMPILATION_MODE = wholemodule;
			};
			name = Release;
		};
		68A91E8E2D6D4F2500155511 /* Debug */ = {
			isa = XCBuildConfiguration;
			buildSettings = {
				ASSETCATALOG_COMPILER_APPICON_NAME = AppIcon;
				ASSETCATALOG_COMPILER_GLOBAL_ACCENT_COLOR_NAME = AccentColor;
				ASSETCATALOG_COMPILER_INCLUDE_ALL_APPICON_ASSETS = YES;
				CODE_SIGN_ENTITLEMENTS = demo/demo.entitlements;
				"CODE_SIGN_IDENTITY[sdk=macosx*]" = "-";
				CODE_SIGN_STYLE = Automatic;
				CURRENT_PROJECT_VERSION = 1;
				DEVELOPMENT_ASSET_PATHS = "\"demo/Preview Content\"";
				DEVELOPMENT_TEAM = 9ZUGLMD7FX;
				ENABLE_PREVIEWS = YES;
				GENERATE_INFOPLIST_FILE = YES;
				INFOPLIST_KEY_CFBundleDisplayName = "जिनेन्द्र अर्चना";
				INFOPLIST_KEY_LSApplicationCategoryType = "public.app-category.books";
				"INFOPLIST_KEY_UIApplicationSceneManifest_Generation[sdk=iphoneos*]" = YES;
				"INFOPLIST_KEY_UIApplicationSceneManifest_Generation[sdk=iphonesimulator*]" = YES;
				"INFOPLIST_KEY_UIApplicationSupportsIndirectInputEvents[sdk=iphoneos*]" = YES;
				"INFOPLIST_KEY_UIApplicationSupportsIndirectInputEvents[sdk=iphonesimulator*]" = YES;
				"INFOPLIST_KEY_UILaunchScreen_Generation[sdk=iphoneos*]" = YES;
				"INFOPLIST_KEY_UILaunchScreen_Generation[sdk=iphonesimulator*]" = YES;
				INFOPLIST_KEY_UIStatusBarStyle = "";
				"INFOPLIST_KEY_UIStatusBarStyle[sdk=iphoneos*]" = UIStatusBarStyleDefault;
				"INFOPLIST_KEY_UIStatusBarStyle[sdk=iphonesimulator*]" = UIStatusBarStyleDefault;
				INFOPLIST_KEY_UISupportedInterfaceOrientations_iPad = "UIInterfaceOrientationPortrait UIInterfaceOrientationPortraitUpsideDown UIInterfaceOrientationLandscapeLeft UIInterfaceOrientationLandscapeRight";
				INFOPLIST_KEY_UISupportedInterfaceOrientations_iPhone = "UIInterfaceOrientationPortrait UIInterfaceOrientationLandscapeLeft UIInterfaceOrientationLandscapeRight";
				IPHONEOS_DEPLOYMENT_TARGET = 17.2;
				LD_RUNPATH_SEARCH_PATHS = "@executable_path/Frameworks";
				"LD_RUNPATH_SEARCH_PATHS[sdk=macosx*]" = "@executable_path/../Frameworks";
				MACOSX_DEPLOYMENT_TARGET = 13.6;
				MARKETING_VERSION = 1.0;
				PRODUCT_BUNDLE_IDENTIFIER = com.aagam.jinendraarchana;
				PRODUCT_NAME = "$(TARGET_NAME)";
				SDKROOT = auto;
				SUPPORTED_PLATFORMS = "iphoneos iphonesimulator macosx";
				SWIFT_EMIT_LOC_STRINGS = YES;
				SWIFT_VERSION = 5.0;
				TARGETED_DEVICE_FAMILY = "1,2";
			};
			name = Debug;
		};
		68A91E8F2D6D4F2500155511 /* Release */ = {
			isa = XCBuildConfiguration;
			buildSettings = {
				ASSETCATALOG_COMPILER_APPICON_NAME = AppIcon;
				ASSETCATALOG_COMPILER_GLOBAL_ACCENT_COLOR_NAME = AccentColor;
				ASSETCATALOG_COMPILER_INCLUDE_ALL_APPICON_ASSETS = YES;
				CODE_SIGN_ENTITLEMENTS = demo/demo.entitlements;
				"CODE_SIGN_IDENTITY[sdk=macosx*]" = "-";
				CODE_SIGN_STYLE = Automatic;
				CURRENT_PROJECT_VERSION = 1;
				DEVELOPMENT_ASSET_PATHS = "\"demo/Preview Content\"";
				DEVELOPMENT_TEAM = 9ZUGLMD7FX;
				ENABLE_PREVIEWS = YES;
				GENERATE_INFOPLIST_FILE = YES;
				INFOPLIST_KEY_CFBundleDisplayName = "जिनेन्द्र अर्चना";
				INFOPLIST_KEY_LSApplicationCategoryType = "public.app-category.books";
				"INFOPLIST_KEY_UIApplicationSceneManifest_Generation[sdk=iphoneos*]" = YES;
				"INFOPLIST_KEY_UIApplicationSceneManifest_Generation[sdk=iphonesimulator*]" = YES;
				"INFOPLIST_KEY_UIApplicationSupportsIndirectInputEvents[sdk=iphoneos*]" = YES;
				"INFOPLIST_KEY_UIApplicationSupportsIndirectInputEvents[sdk=iphonesimulator*]" = YES;
				"INFOPLIST_KEY_UILaunchScreen_Generation[sdk=iphoneos*]" = YES;
				"INFOPLIST_KEY_UILaunchScreen_Generation[sdk=iphonesimulator*]" = YES;
				INFOPLIST_KEY_UIStatusBarStyle = "";
				"INFOPLIST_KEY_UIStatusBarStyle[sdk=iphoneos*]" = UIStatusBarStyleDefault;
				"INFOPLIST_KEY_UIStatusBarStyle[sdk=iphonesimulator*]" = UIStatusBarStyleDefault;
				INFOPLIST_KEY_UISupportedInterfaceOrientations_iPad = "UIInterfaceOrientationPortrait UIInterfaceOrientationPortraitUpsideDown UIInterfaceOrientationLandscapeLeft UIInterfaceOrientationLandscapeRight";
				INFOPLIST_KEY_UISupportedInterfaceOrientations_iPhone = "UIInterfaceOrientationPortrait UIInterfaceOrientationLandscapeLeft UIInterfaceOrientationLandscapeRight";
				IPHONEOS_DEPLOYMENT_TARGET = 17.2;
				LD_RUNPATH_SEARCH_PATHS = "@executable_path/Frameworks";
				"LD_RUNPATH_SEARCH_PATHS[sdk=macosx*]" = "@executable_path/../Frameworks";
				MACOSX_DEPLOYMENT_TARGET = 13.6;
				MARKETING_VERSION = 1.0;
				PRODUCT_BUNDLE_IDENTIFIER = com.aagam.jinendraarchana;
				PRODUCT_NAME = "$(TARGET_NAME)";
				SDKROOT = auto;
				SUPPORTED_PLATFORMS = "iphoneos iphonesimulator macosx";
				SWIFT_EMIT_LOC_STRINGS = YES;
				SWIFT_VERSION = 5.0;
				TARGETED_DEVICE_FAMILY = "1,2";
			};
			name = Release;
		};
/* End XCBuildConfiguration section */

/* Begin XCConfigurationList section */
		68A91E792D6D4F2400155511 /* Build configuration list for PBXProject "demo" */ = {
			isa = XCConfigurationList;
			buildConfigurations = (
				68A91E8B2D6D4F2500155511 /* Debug */,
				68A91E8C2D6D4F2500155511 /* Release */,
			);
			defaultConfigurationIsVisible = 0;
			defaultConfigurationName = Release;
		};
		68A91E8D2D6D4F2500155511 /* Build configuration list for PBXNativeTarget "demo" */ = {
			isa = XCConfigurationList;
			buildConfigurations = (
				68A91E8E2D6D4F2500155511 /* Debug */,
				68A91E8F2D6D4F2500155511 /* Release */,
			);
			defaultConfigurationIsVisible = 0;
			defaultConfigurationName = Release;
		};
/* End XCConfigurationList section */
	};
	rootObject = 68A91E762D6D4F2400155511 /* Project object */;
}
