{
  "pins" : [
    {
      "identity" : "jjfloatingactionbutton",
      "kind" : "remoteSourceControl",
      "location" : "https://github.com/jjochen/JJFloatingActionButton",
      "state" : {
        "revision" : "2c561601ec0da6f85c2c061a2560d82d39832951",
        "version" : "3.0.1"
      }
    }
  ],
  "version" : 2
}
